
Microsoft Visual Studio Solution File, Format Version 12.00
# Visual Studio Version 17
VisualStudioVersion = 17.8.34511.84
MinimumVisualStudioVersion = 10.0.40219.1
Project("{FAE04EC0-301F-11D3-BF4B-00C04F79EFBC}") = "FirstConsoleApp", "FirstConsoleApp\FirstConsoleApp.csproj", "{38CAF0D7-C3FE-40A2-B471-2759DE02BCF7}"
EndProject
Project("{FAE04EC0-301F-11D3-BF4B-00C04F79EFBC}") = "SimpleCalculator", "SimpleCalculator\SimpleCalculator.csproj", "{7ECC1BD2-E42E-4F17-B24D-7B777D5473EA}"
EndProject
Project("{FAE04EC0-301F-11D3-BF4B-00C04F79EFBC}") = "ComputeLibrary", "ComputeLibrary\ComputeLibrary.csproj", "{70A34373-FA34-47FB-9176-6740A3056C49}"
EndProject
Project("{2150E333-8FDC-42A3-9474-1A3956D46DE8}") = "My Simple Calculator App", "My Simple Calculator App", "{D133E5AD-807D-4DCE-8D91-43AFF886ECA1}"
EndProject
Project("{2150E333-8FDC-42A3-9474-1A3956D46DE8}") = "Presentation Layer", "Presentation Layer", "{4C0C1E65-0589-4CD2-B62C-913B59388978}"
EndProject
Project("{2150E333-8FDC-42A3-9474-1A3956D46DE8}") = "Business Layer", "Business Layer", "{E9DAAAEF-2B52-4AB6-9CF5-2CD2C92006F1}"
EndProject
Project("{FAE04EC0-301F-11D3-BF4B-00C04F79EFBC}") = "SimpleCalculator.WindowsFormsApp", "SimpleCalculator.WindowsFormsApp\SimpleCalculator.WindowsFormsApp.csproj", "{E290F81F-D2AB-4A2A-B2A5-DE52B850DC97}"
EndProject
Project("{FAE04EC0-301F-11D3-BF4B-00C04F79EFBC}") = "LabsAndRef", "LabsAndRef\LabsAndRef.csproj", "{E51B4EA7-F04A-4C9D-8DAB-92D9FD354D60}"
EndProject
Project("{FAE04EC0-301F-11D3-BF4B-00C04F79EFBC}") = "DataTypesDemo", "DataTypesDemo\DataTypesDemo.csproj", "{85FC86E0-8545-4586-8ED0-AE235AD7E5DA}"
EndProject
Project("{FAE04EC0-301F-11D3-BF4B-00C04F79EFBC}") = "OODemo1", "OODemo1\OODemo1.csproj", "{40C5B33F-CA28-46C6-A761-733E0FD2C091}"
EndProject
Project("{FAE04EC0-301F-11D3-BF4B-00C04F79EFBC}") = "HasADemos", "HasADemos\HasADemos.csproj", "{243F7A4A-723D-4582-90D4-EA8CBE099B23}"
EndProject
Project("{FAE04EC0-301F-11D3-BF4B-00C04F79EFBC}") = "OneToManyHasADemo", "OneToManyHasADemo\OneToManyHasADemo.csproj", "{D3D03D6B-886E-4423-BF34-8ADE5442AA1F}"
EndProject
Project("{FAE04EC0-301F-11D3-BF4B-00C04F79EFBC}") = "TrainerTraineeApp", "TrainerTraineeApp\TrainerTraineeApp.csproj", "{917ED9BF-8A67-49A7-9DB5-F03DD951F7F0}"
EndProject
Project("{FAE04EC0-301F-11D3-BF4B-00C04F79EFBC}") = "OODemo2", "OODemo2\OODemo2.csproj", "{267DF509-F8D5-45EC-A64C-CBAF537AA292}"
EndProject
Project("{FAE04EC0-301F-11D3-BF4B-00C04F79EFBC}") = "IdeLab", "IdeLab\IdeLab.csproj", "{494E696F-6EE1-4D11-828A-71DEBEB433A8}"
EndProject
Project("{FAE04EC0-301F-11D3-BF4B-00C04F79EFBC}") = "MemoryManagementDemo", "MemoryManagementDemo\MemoryManagementDemo.csproj", "{9A0A8DEB-C497-4A30-971E-C1F1DF4305E7}"
EndProject
Project("{FAE04EC0-301F-11D3-BF4B-00C04F79EFBC}") = "CollectionsDemo", "CollectionsDemo\CollectionsDemo.csproj", "{BC18C485-79F0-4C22-94DE-8629613047A8}"
EndProject
Project("{FAE04EC0-301F-11D3-BF4B-00C04F79EFBC}") = "CollectionsDemo2", "CollectionsDemo2\CollectionsDemo2.csproj", "{A59654DC-B2DF-4D01-8625-766384BFC00C}"
EndProject
Project("{FAE04EC0-301F-11D3-BF4B-00C04F79EFBC}") = "ExceptionsDemo1", "ExceptionsDemo1\ExceptionsDemo1.csproj", "{BFCCC4A0-F5DC-443D-BD23-14C76586ED62}"
EndProject
Project("{FAE04EC0-301F-11D3-BF4B-00C04F79EFBC}") = "ExceptionsDemo2", "ExceptionsDemo2\ExceptionsDemo2.csproj", "{03BCC0CB-147A-4594-8DCA-EE922FF6172A}"
EndProject
Project("{FAE04EC0-301F-11D3-BF4B-00C04F79EFBC}") = "DelegatesDemo1", "DelegatesDemo1\DelegatesDemo1.csproj", "{C12F5E49-4E20-46A5-8438-6AA3CCEB3A7B}"
EndProject
Project("{2150E333-8FDC-42A3-9474-1A3956D46DE8}") = "Delegates Demo", "Delegates Demo", "{02F056A9-CD51-4DAC-9A49-B0AF8A7A23F1}"
EndProject
Project("{FAE04EC0-301F-11D3-BF4B-00C04F79EFBC}") = "DelegatesDemo2", "DelegatesDemo2\DelegatesDemo2.csproj", "{7867DED7-E939-43C5-BDBA-BB5281CB10F1}"
EndProject
Project("{FAE04EC0-301F-11D3-BF4B-00C04F79EFBC}") = "DelegatesDemo3", "DelegatesDemo3\DelegatesDemo3.csproj", "{B157EEC6-1BCB-4E48-81B2-CFC0D7DD01F4}"
EndProject
Project("{FAE04EC0-301F-11D3-BF4B-00C04F79EFBC}") = "DelegatesDemo4", "DelegatesDemo4\DelegatesDemo4.csproj", "{0086A9DE-A061-4EC6-BC73-02FC0B0EF9A5}"
EndProject
Project("{2150E333-8FDC-42A3-9474-1A3956D46DE8}") = "File IO Demos", "File IO Demos", "{3A1D9CA8-7310-425C-8981-B1B632EB9F8A}"
EndProject
Project("{FAE04EC0-301F-11D3-BF4B-00C04F79EFBC}") = "FileIODemo1", "FileIODemo1\FileIODemo1.csproj", "{8FDBAB85-911B-4B4B-9A29-692A01FDE6BD}"
EndProject
Project("{2150E333-8FDC-42A3-9474-1A3956D46DE8}") = "Contacts Manager", "Contacts Manager", "{0F1E61F8-C141-4E0C-8065-203C62346A70}"
EndProject
Project("{2150E333-8FDC-42A3-9474-1A3956D46DE8}") = "Presentation Layer", "Presentation Layer", "{393793D1-2C14-4B07-99D9-D5B02C815FE1}"
EndProject
Project("{2150E333-8FDC-42A3-9474-1A3956D46DE8}") = "Data Layer", "Data Layer", "{7D60C75C-2A11-4B92-ADA5-D644E1E7625A}"
EndProject
Project("{2150E333-8FDC-42A3-9474-1A3956D46DE8}") = "Common Layer", "Common Layer", "{BF41BFF2-A23D-4341-8AAA-57F8DD2D6ED2}"
EndProject
Project("{FAE04EC0-301F-11D3-BF4B-00C04F79EFBC}") = "ContactManager.ConsoleApp", "ContactManager.ConsoleApp\ContactManager.ConsoleApp.csproj", "{AAC9E710-C65A-41A1-8029-809F8F8E100B}"
EndProject
Project("{FAE04EC0-301F-11D3-BF4B-00C04F79EFBC}") = "ContactManager.Data", "ContactManager.Data\ContactManager.Data.csproj", "{28DCB0D6-74CB-4E69-8E42-8ED0211E8946}"
EndProject
Project("{FAE04EC0-301F-11D3-BF4B-00C04F79EFBC}") = "ContactManager.Common", "ContactManager.Common\ContactManager.Common.csproj", "{8EC5F722-6626-4B73-BB5A-360652C49B45}"
EndProject
Project("{FAE04EC0-301F-11D3-BF4B-00C04F79EFBC}") = "FileIODemo4", "FileIODemo4\FileIODemo4.csproj", "{8C05BAAE-B79E-42D2-AF55-176E7DC30A72}"
EndProject
Project("{FAE04EC0-301F-11D3-BF4B-00C04F79EFBC}") = "FileIODemo5", "FileIODemo5\FileIODemo5.csproj", "{941DE033-4DAC-436F-ABCC-06417CF7F8BA}"
EndProject
Project("{2150E333-8FDC-42A3-9474-1A3956D46DE8}") = "MT Demos", "MT Demos", "{F8946229-24EF-4757-A47D-07CBD2837F14}"
EndProject
Project("{FAE04EC0-301F-11D3-BF4B-00C04F79EFBC}") = "MTDemo1", "MTDemo1\MTDemo1.csproj", "{1769E9B1-6B79-4C27-943D-1B13DFFDC91E}"
EndProject
Project("{FAE04EC0-301F-11D3-BF4B-00C04F79EFBC}") = "MTDemo2", "MTDemo2\MTDemo2.csproj", "{E93F7026-171C-4AC6-9198-9AEDFE5F3E54}"
EndProject
Project("{FAE04EC0-301F-11D3-BF4B-00C04F79EFBC}") = "WindowsFormsApp1", "WindowsFormsApp1\WindowsFormsApp1.csproj", "{8D2C3B7A-0431-43FE-85F6-81FC3F7063F6}"
EndProject
Project("{FAE04EC0-301F-11D3-BF4B-00C04F79EFBC}") = "ImageRotator", "ImageRotator\ImageRotator.csproj", "{00387B72-C637-4F2E-A014-4D8240C65AB5}"
EndProject
Project("{FAE04EC0-301F-11D3-BF4B-00C04F79EFBC}") = "MTDemo6", "MTDemo6\MTDemo6.csproj", "{30F08517-C13B-48C1-BA29-2AB1250E262D}"
EndProject
Project("{2150E333-8FDC-42A3-9474-1A3956D46DE8}") = "Unit Testing Demos", "Unit Testing Demos", "{9380360B-70F5-4E37-8E39-395851788381}"
EndProject
Project("{FAE04EC0-301F-11D3-BF4B-00C04F79EFBC}") = "SimpleCalculator.Business", "SimpleCalculator.Business\SimpleCalculator.Business.csproj", "{3AF3656E-8032-4694-8466-1CBB4A9E8F93}"
EndProject
Project("{FAE04EC0-301F-11D3-BF4B-00C04F79EFBC}") = "SimpleCalculator.Business.UnitTest", "SimpleCalculator.Business.UnitTest\SimpleCalculator.Business.UnitTest.csproj", "{4F5FD671-2967-40DB-A151-C67CA36025DF}"
EndProject
Project("{2150E333-8FDC-42A3-9474-1A3956D46DE8}") = "OO Demos", "OO Demos", "{84BCCB9B-AAA6-4A2F-8F33-B3124995A6AF}"
EndProject
Project("{2150E333-8FDC-42A3-9474-1A3956D46DE8}") = "Collections Demo", "Collections Demo", "{95249316-DE3F-4956-A470-2368CA023E7F}"
EndProject
Project("{2150E333-8FDC-42A3-9474-1A3956D46DE8}") = "Exceptions Demo", "Exceptions Demo", "{C1A65116-DE36-484E-BD5D-A10724497581}"
EndProject
Project("{2150E333-8FDC-42A3-9474-1A3956D46DE8}") = "Other", "Other", "{C3FCB270-C75B-42E0-BBCB-05FDE469C08B}"
EndProject
Project("{2150E333-8FDC-42A3-9474-1A3956D46DE8}") = "Design Patterns Demo", "Design Patterns Demo", "{01031BA4-01AF-4254-A247-90E301C5E895}"
EndProject
Project("{FAE04EC0-301F-11D3-BF4B-00C04F79EFBC}") = "POSSystem", "POSSystem\POSSystem.csproj", "{E23AC56D-524C-442A-BBBF-5F1EB6482681}"
EndProject
Project("{2150E333-8FDC-42A3-9474-1A3956D46DE8}") = "AI Case Study", "AI Case Study", "{B0BFEFBE-1D44-4E4F-A2AA-958FB3B29EC2}"
EndProject
Project("{2150E333-8FDC-42A3-9474-1A3956D46DE8}") = "Pearson Engine", "Pearson Engine", "{D5F3EF81-C4E8-4211-A8DC-CC85E674B8D4}"
EndProject
Project("{2150E333-8FDC-42A3-9474-1A3956D46DE8}") = "Data Loader", "Data Loader", "{4A0F055D-0598-4891-A309-37BE65D8CDCC}"
EndProject
Project("{2150E333-8FDC-42A3-9474-1A3956D46DE8}") = "Data Aggrigator", "Data Aggrigator", "{35520D71-A20B-4CF2-B754-5E8AE2E87003}"
EndProject
Project("{2150E333-8FDC-42A3-9474-1A3956D46DE8}") = "AI Client", "AI Client", "{ACC316DB-EE55-44EC-9B92-1AE0B47E8AF8}"
EndProject
Project("{FAE04EC0-301F-11D3-BF4B-00C04F79EFBC}") = "AIRecommender.UIClient", "AIRecommender.UIClient\AIRecommender.UIClient.csproj", "{AA25E53C-0968-4CA5-A2D7-0E3C5D9A736E}"
EndProject
Project("{FAE04EC0-301F-11D3-BF4B-00C04F79EFBC}") = "AIRecommender.DataAggrigator", "AIRecommender.DataAggrigator\AIRecommender.DataAggrigator.csproj", "{6B301CF3-D1F2-4821-8DED-D626B66FA980}"
EndProject
Project("{FAE04EC0-301F-11D3-BF4B-00C04F79EFBC}") = "AIRecommender.DataLoader", "AIRecommender.DataLoader\AIRecommender.DataLoader.csproj", "{8E99D2F9-0119-4CCD-A718-03E3CEF07B0A}"
EndProject
Project("{FAE04EC0-301F-11D3-BF4B-00C04F79EFBC}") = "AIRecommender.CoreEngine", "AIRecommender.CoreEngine\AIRecommender.CoreEngine.csproj", "{DAF94A24-2070-4B7E-B201-B01166848907}"
EndProject
Project("{2150E333-8FDC-42A3-9474-1A3956D46DE8}") = "Common", "Common", "{6A8031C3-3507-4E9A-AF9A-65F7EAC5A461}"
EndProject
Project("{FAE04EC0-301F-11D3-BF4B-00C04F79EFBC}") = "AIRecommender.Entities", "AIRecommender.Entities\AIRecommender.Entities.csproj", "{0737DC33-F105-4A49-9E38-09BB258CD7A7}"
EndProject
Project("{FAE04EC0-301F-11D3-BF4B-00C04F79EFBC}") = "AIRecommender.CoreEngine.UnitTests", "AIRecommender.CoreEngine.UnitTests\AIRecommender.CoreEngine.UnitTests.csproj", "{B702D3E2-F71C-426A-9C9E-5738497AA4F8}"
EndProject
Project("{2150E333-8FDC-42A3-9474-1A3956D46DE8}") = "Documents", "Documents", "{14DD51B9-5559-4C55-B890-5EB31000EBD6}"
EndProject
Project("{FAE04EC0-301F-11D3-BF4B-00C04F79EFBC}") = "AIRecommender.Documents", "AIRecommender.Documents\AIRecommender.Documents.csproj", "{2E853E13-2C32-44B0-9AD6-61FC1CFCA241}"
EndProject
Project("{FAE04EC0-301F-11D3-BF4B-00C04F79EFBC}") = "AzureADWebApplication1", "AzureADWebApplication1\AzureADWebApplication1.csproj", "{D807E4A3-8D72-4CBF-8491-B76CE1919AAD}"
EndProject
Project("{2150E333-8FDC-42A3-9474-1A3956D46DE8}") = "Database Programming with ADO", "Database Programming with ADO", "{CC520656-D09A-43E8-B3EA-02DDC93A211F}"
EndProject
Project("{FAE04EC0-301F-11D3-BF4B-00C04F79EFBC}") = "StudentsManagement.ConsoleApp", "StudentsManagement.ConsoleApp\StudentsManagement.ConsoleApp.csproj", "{A4A7C7C9-ACC2-4EBA-B98F-95022868D651}"
EndProject
Project("{FAE04EC0-301F-11D3-BF4B-00C04F79EFBC}") = "StudentsManagementWindowsFormsApp", "StudentsManagementWindowsFormsApp\StudentsManagementWindowsFormsApp.csproj", "{C30BD112-3BD8-4BF9-882A-5BC46DDF6F28}"
EndProject
Project("{2150E333-8FDC-42A3-9474-1A3956D46DE8}") = "Linq Demos", "Linq Demos", "{8557702D-C8F6-4E21-8705-7FE89F50E7C5}"
EndProject
Project("{FAE04EC0-301F-11D3-BF4B-00C04F79EFBC}") = "ExtensionMethodsDemo", "ExtensionMethodsDemo\ExtensionMethodsDemo.csproj", "{D04A192D-72B2-4594-AD3B-16D90ABE9717}"
EndProject
Project("{FAE04EC0-301F-11D3-BF4B-00C04F79EFBC}") = "LinqToObjectsConsoleApp1", "LinqToObjectsConsoleApp1\LinqToObjectsConsoleApp1.csproj", "{34605BF8-AB03-46CC-8D4D-0695DBAAF891}"
EndProject
Project("{FAE04EC0-301F-11D3-BF4B-00C04F79EFBC}") = "LinqDemo2", "LinqDemo2\LinqDemo2.csproj", "{8F96F551-5883-4065-99EE-6F604342902A}"
EndProject
Project("{FAE04EC0-301F-11D3-BF4B-00C04F79EFBC}") = "LinqDemo3", "LinqDemo3\LinqDemo3.csproj", "{261509C4-3989-4975-BB61-E2EF1ABAAC89}"
EndProject
Project("{FAE04EC0-301F-11D3-BF4B-00C04F79EFBC}") = "LinqToXmlDemo", "LinqToXmlDemo\LinqToXmlDemo.csproj", "{4A75D890-31DB-42F7-9712-2ADD89DBE9BE}"
EndProject
Project("{FAE04EC0-301F-11D3-BF4B-00C04F79EFBC}") = "LinqToObjects", "LinqToObjects\LinqToObjects.csproj", "{59B741BF-9BF0-48DE-8566-0DD84F244C26}"
EndProject
Project("{FAE04EC0-301F-11D3-BF4B-00C04F79EFBC}") = "LinqDemo5", "LinqDemo5\LinqDemo5.csproj", "{E1F1869C-51BF-45A4-A60D-0E7BCBAACFBB}"
EndProject
Project("{2150E333-8FDC-42A3-9474-1A3956D46DE8}") = "Database Programming with EF", "Database Programming with EF", "{6131E1BD-2F51-4C90-ABF6-A62EB81C9D63}"
EndProject
Project("{FAE04EC0-301F-11D3-BF4B-00C04F79EFBC}") = "ProductsCatalogManagementApp", "ProductsCatalogManagementApp\ProductsCatalogManagementApp.csproj", "{4FB85D9C-EF65-4E74-8BDB-E2B424A29E26}"
EndProject
Project("{FAE04EC0-301F-11D3-BF4B-00C04F79EFBC}") = "ProductsCatalogManagementEFDBFirst", "ProductsCatalogManagementEFDBFirst\ProductsCatalogManagementEFDBFirst.csproj", "{E688FAA8-1DF7-4647-8073-7DBF8ACFD84B}"
EndProject
Project("{2150E333-8FDC-42A3-9474-1A3956D46DE8}") = "ASP.Net MVC Demos", "ASP.Net MVC Demos", "{2EE55B02-6DE7-4B86-B868-821BBAFDE90D}"
EndProject
Project("{FAE04EC0-301F-11D3-BF4B-00C04F79EFBC}") = "HelloWorldWebApplication", "HelloWorldWebApplication\HelloWorldWebApplication.csproj", "{8F62736E-1D25-452D-939A-52C85A794271}"
EndProject
Project("{FAE04EC0-301F-11D3-BF4B-00C04F79EFBC}") = "KnowledgeHubPortal.WebApplication", "KnowledgeHubPorlat.WebApplication\KnowledgeHubPortal.WebApplication.csproj", "{1F362F65-9F83-4F7D-B274-BAA2FEBBC8F8}"
EndProject
Project("{FAE04EC0-301F-11D3-BF4B-00C04F79EFBC}") = "ContactManagementWebApplication", "ContactManagementWebApplication\ContactManagementWebApplication.csproj", "{88310E67-AF71-48FE-94BF-35513935CCA8}"
EndProject
Project("{FAE04EC0-301F-11D3-BF4B-00C04F79EFBC}") = "AzureADSWebApplication", "AzureADSWebApplication\AzureADSWebApplication.csproj", "{823BC54A-42A8-425A-AFA2-6F00618AE749}"
EndProject
Project("{FAE04EC0-301F-11D3-BF4B-00C04F79EFBC}") = "WebApplication1", "WebApplication1\WebApplication1.csproj", "{3733295E-A8EE-4602-B417-2497C428BACA}"
EndProject
Project("{2150E333-8FDC-42A3-9474-1A3956D46DE8}") = "Web API Demos", "Web API Demos", "{7B35B485-953A-4510-82C0-6EB648CA7755}"
EndProject
Project("{FAE04EC0-301F-11D3-BF4B-00C04F79EFBC}") = "CoolProductsAPIService", "CoolProductsAPIService\CoolProductsAPIService.csproj", "{55E2510B-E196-4C8C-8076-042FA7113D29}"
EndProject
Project("{FAE04EC0-301F-11D3-BF4B-00C04F79EFBC}") = "WebApplication3", "WebApplication3\WebApplication3.csproj", "{7F4D1773-E923-4D72-A0C4-C74E95FF9C59}"
EndProject
Global
	GlobalSection(SolutionConfigurationPlatforms) = preSolution
		Debug|Any CPU = Debug|Any CPU
		Release|Any CPU = Release|Any CPU
	EndGlobalSection
	GlobalSection(ProjectConfigurationPlatforms) = postSolution
		{38CAF0D7-C3FE-40A2-B471-2759DE02BCF7}.Debug|Any CPU.ActiveCfg = Debug|Any CPU
		{38CAF0D7-C3FE-40A2-B471-2759DE02BCF7}.Debug|Any CPU.Build.0 = Debug|Any CPU
		{38CAF0D7-C3FE-40A2-B471-2759DE02BCF7}.Release|Any CPU.ActiveCfg = Release|Any CPU
		{38CAF0D7-C3FE-40A2-B471-2759DE02BCF7}.Release|Any CPU.Build.0 = Release|Any CPU
		{7ECC1BD2-E42E-4F17-B24D-7B777D5473EA}.Debug|Any CPU.ActiveCfg = Debug|Any CPU
		{7ECC1BD2-E42E-4F17-B24D-7B777D5473EA}.Debug|Any CPU.Build.0 = Debug|Any CPU
		{7ECC1BD2-E42E-4F17-B24D-7B777D5473EA}.Release|Any CPU.ActiveCfg = Release|Any CPU
		{7ECC1BD2-E42E-4F17-B24D-7B777D5473EA}.Release|Any CPU.Build.0 = Release|Any CPU
		{70A34373-FA34-47FB-9176-6740A3056C49}.Debug|Any CPU.ActiveCfg = Debug|Any CPU
		{70A34373-FA34-47FB-9176-6740A3056C49}.Debug|Any CPU.Build.0 = Debug|Any CPU
		{70A34373-FA34-47FB-9176-6740A3056C49}.Release|Any CPU.ActiveCfg = Release|Any CPU
		{70A34373-FA34-47FB-9176-6740A3056C49}.Release|Any CPU.Build.0 = Release|Any CPU
		{E290F81F-D2AB-4A2A-B2A5-DE52B850DC97}.Debug|Any CPU.ActiveCfg = Debug|Any CPU
		{E290F81F-D2AB-4A2A-B2A5-DE52B850DC97}.Debug|Any CPU.Build.0 = Debug|Any CPU
		{E290F81F-D2AB-4A2A-B2A5-DE52B850DC97}.Release|Any CPU.ActiveCfg = Release|Any CPU
		{E290F81F-D2AB-4A2A-B2A5-DE52B850DC97}.Release|Any CPU.Build.0 = Release|Any CPU
		{E51B4EA7-F04A-4C9D-8DAB-92D9FD354D60}.Debug|Any CPU.ActiveCfg = Debug|Any CPU
		{E51B4EA7-F04A-4C9D-8DAB-92D9FD354D60}.Debug|Any CPU.Build.0 = Debug|Any CPU
		{E51B4EA7-F04A-4C9D-8DAB-92D9FD354D60}.Release|Any CPU.ActiveCfg = Release|Any CPU
		{E51B4EA7-F04A-4C9D-8DAB-92D9FD354D60}.Release|Any CPU.Build.0 = Release|Any CPU
		{85FC86E0-8545-4586-8ED0-AE235AD7E5DA}.Debug|Any CPU.ActiveCfg = Debug|Any CPU
		{85FC86E0-8545-4586-8ED0-AE235AD7E5DA}.Debug|Any CPU.Build.0 = Debug|Any CPU
		{85FC86E0-8545-4586-8ED0-AE235AD7E5DA}.Release|Any CPU.ActiveCfg = Release|Any CPU
		{85FC86E0-8545-4586-8ED0-AE235AD7E5DA}.Release|Any CPU.Build.0 = Release|Any CPU
		{40C5B33F-CA28-46C6-A761-733E0FD2C091}.Debug|Any CPU.ActiveCfg = Debug|Any CPU
		{40C5B33F-CA28-46C6-A761-733E0FD2C091}.Debug|Any CPU.Build.0 = Debug|Any CPU
		{40C5B33F-CA28-46C6-A761-733E0FD2C091}.Release|Any CPU.ActiveCfg = Release|Any CPU
		{40C5B33F-CA28-46C6-A761-733E0FD2C091}.Release|Any CPU.Build.0 = Release|Any CPU
		{243F7A4A-723D-4582-90D4-EA8CBE099B23}.Debug|Any CPU.ActiveCfg = Debug|Any CPU
		{243F7A4A-723D-4582-90D4-EA8CBE099B23}.Debug|Any CPU.Build.0 = Debug|Any CPU
		{243F7A4A-723D-4582-90D4-EA8CBE099B23}.Release|Any CPU.ActiveCfg = Release|Any CPU
		{243F7A4A-723D-4582-90D4-EA8CBE099B23}.Release|Any CPU.Build.0 = Release|Any CPU
		{D3D03D6B-886E-4423-BF34-8ADE5442AA1F}.Debug|Any CPU.ActiveCfg = Debug|Any CPU
		{D3D03D6B-886E-4423-BF34-8ADE5442AA1F}.Debug|Any CPU.Build.0 = Debug|Any CPU
		{D3D03D6B-886E-4423-BF34-8ADE5442AA1F}.Release|Any CPU.ActiveCfg = Release|Any CPU
		{D3D03D6B-886E-4423-BF34-8ADE5442AA1F}.Release|Any CPU.Build.0 = Release|Any CPU
		{917ED9BF-8A67-49A7-9DB5-F03DD951F7F0}.Debug|Any CPU.ActiveCfg = Debug|Any CPU
		{917ED9BF-8A67-49A7-9DB5-F03DD951F7F0}.Debug|Any CPU.Build.0 = Debug|Any CPU
		{917ED9BF-8A67-49A7-9DB5-F03DD951F7F0}.Release|Any CPU.ActiveCfg = Release|Any CPU
		{917ED9BF-8A67-49A7-9DB5-F03DD951F7F0}.Release|Any CPU.Build.0 = Release|Any CPU
		{267DF509-F8D5-45EC-A64C-CBAF537AA292}.Debug|Any CPU.ActiveCfg = Debug|Any CPU
		{267DF509-F8D5-45EC-A64C-CBAF537AA292}.Debug|Any CPU.Build.0 = Debug|Any CPU
		{267DF509-F8D5-45EC-A64C-CBAF537AA292}.Release|Any CPU.ActiveCfg = Release|Any CPU
		{267DF509-F8D5-45EC-A64C-CBAF537AA292}.Release|Any CPU.Build.0 = Release|Any CPU
		{494E696F-6EE1-4D11-828A-71DEBEB433A8}.Debug|Any CPU.ActiveCfg = Debug|Any CPU
		{494E696F-6EE1-4D11-828A-71DEBEB433A8}.Debug|Any CPU.Build.0 = Debug|Any CPU
		{494E696F-6EE1-4D11-828A-71DEBEB433A8}.Release|Any CPU.ActiveCfg = Release|Any CPU
		{494E696F-6EE1-4D11-828A-71DEBEB433A8}.Release|Any CPU.Build.0 = Release|Any CPU
		{9A0A8DEB-C497-4A30-971E-C1F1DF4305E7}.Debug|Any CPU.ActiveCfg = Debug|Any CPU
		{9A0A8DEB-C497-4A30-971E-C1F1DF4305E7}.Debug|Any CPU.Build.0 = Debug|Any CPU
		{9A0A8DEB-C497-4A30-971E-C1F1DF4305E7}.Release|Any CPU.ActiveCfg = Release|Any CPU
		{9A0A8DEB-C497-4A30-971E-C1F1DF4305E7}.Release|Any CPU.Build.0 = Release|Any CPU
		{BC18C485-79F0-4C22-94DE-8629613047A8}.Debug|Any CPU.ActiveCfg = Debug|Any CPU
		{BC18C485-79F0-4C22-94DE-8629613047A8}.Debug|Any CPU.Build.0 = Debug|Any CPU
		{BC18C485-79F0-4C22-94DE-8629613047A8}.Release|Any CPU.ActiveCfg = Release|Any CPU
		{BC18C485-79F0-4C22-94DE-8629613047A8}.Release|Any CPU.Build.0 = Release|Any CPU
		{A59654DC-B2DF-4D01-8625-766384BFC00C}.Debug|Any CPU.ActiveCfg = Debug|Any CPU
		{A59654DC-B2DF-4D01-8625-766384BFC00C}.Debug|Any CPU.Build.0 = Debug|Any CPU
		{A59654DC-B2DF-4D01-8625-766384BFC00C}.Release|Any CPU.ActiveCfg = Release|Any CPU
		{A59654DC-B2DF-4D01-8625-766384BFC00C}.Release|Any CPU.Build.0 = Release|Any CPU
		{BFCCC4A0-F5DC-443D-BD23-14C76586ED62}.Debug|Any CPU.ActiveCfg = Debug|Any CPU
		{BFCCC4A0-F5DC-443D-BD23-14C76586ED62}.Debug|Any CPU.Build.0 = Debug|Any CPU
		{BFCCC4A0-F5DC-443D-BD23-14C76586ED62}.Release|Any CPU.ActiveCfg = Release|Any CPU
		{BFCCC4A0-F5DC-443D-BD23-14C76586ED62}.Release|Any CPU.Build.0 = Release|Any CPU
		{03BCC0CB-147A-4594-8DCA-EE922FF6172A}.Debug|Any CPU.ActiveCfg = Debug|Any CPU
		{03BCC0CB-147A-4594-8DCA-EE922FF6172A}.Debug|Any CPU.Build.0 = Debug|Any CPU
		{03BCC0CB-147A-4594-8DCA-EE922FF6172A}.Release|Any CPU.ActiveCfg = Release|Any CPU
		{03BCC0CB-147A-4594-8DCA-EE922FF6172A}.Release|Any CPU.Build.0 = Release|Any CPU
		{C12F5E49-4E20-46A5-8438-6AA3CCEB3A7B}.Debug|Any CPU.ActiveCfg = Debug|Any CPU
		{C12F5E49-4E20-46A5-8438-6AA3CCEB3A7B}.Debug|Any CPU.Build.0 = Debug|Any CPU
		{C12F5E49-4E20-46A5-8438-6AA3CCEB3A7B}.Release|Any CPU.ActiveCfg = Release|Any CPU
		{C12F5E49-4E20-46A5-8438-6AA3CCEB3A7B}.Release|Any CPU.Build.0 = Release|Any CPU
		{7867DED7-E939-43C5-BDBA-BB5281CB10F1}.Debug|Any CPU.ActiveCfg = Debug|Any CPU
		{7867DED7-E939-43C5-BDBA-BB5281CB10F1}.Debug|Any CPU.Build.0 = Debug|Any CPU
		{7867DED7-E939-43C5-BDBA-BB5281CB10F1}.Release|Any CPU.ActiveCfg = Release|Any CPU
		{7867DED7-E939-43C5-BDBA-BB5281CB10F1}.Release|Any CPU.Build.0 = Release|Any CPU
		{B157EEC6-1BCB-4E48-81B2-CFC0D7DD01F4}.Debug|Any CPU.ActiveCfg = Debug|Any CPU
		{B157EEC6-1BCB-4E48-81B2-CFC0D7DD01F4}.Debug|Any CPU.Build.0 = Debug|Any CPU
		{B157EEC6-1BCB-4E48-81B2-CFC0D7DD01F4}.Release|Any CPU.ActiveCfg = Release|Any CPU
		{B157EEC6-1BCB-4E48-81B2-CFC0D7DD01F4}.Release|Any CPU.Build.0 = Release|Any CPU
		{0086A9DE-A061-4EC6-BC73-02FC0B0EF9A5}.Debug|Any CPU.ActiveCfg = Debug|Any CPU
		{0086A9DE-A061-4EC6-BC73-02FC0B0EF9A5}.Debug|Any CPU.Build.0 = Debug|Any CPU
		{0086A9DE-A061-4EC6-BC73-02FC0B0EF9A5}.Release|Any CPU.ActiveCfg = Release|Any CPU
		{0086A9DE-A061-4EC6-BC73-02FC0B0EF9A5}.Release|Any CPU.Build.0 = Release|Any CPU
		{8FDBAB85-911B-4B4B-9A29-692A01FDE6BD}.Debug|Any CPU.ActiveCfg = Debug|Any CPU
		{8FDBAB85-911B-4B4B-9A29-692A01FDE6BD}.Debug|Any CPU.Build.0 = Debug|Any CPU
		{8FDBAB85-911B-4B4B-9A29-692A01FDE6BD}.Release|Any CPU.ActiveCfg = Release|Any CPU
		{8FDBAB85-911B-4B4B-9A29-692A01FDE6BD}.Release|Any CPU.Build.0 = Release|Any CPU
		{AAC9E710-C65A-41A1-8029-809F8F8E100B}.Debug|Any CPU.ActiveCfg = Debug|Any CPU
		{AAC9E710-C65A-41A1-8029-809F8F8E100B}.Debug|Any CPU.Build.0 = Debug|Any CPU
		{AAC9E710-C65A-41A1-8029-809F8F8E100B}.Release|Any CPU.ActiveCfg = Release|Any CPU
		{AAC9E710-C65A-41A1-8029-809F8F8E100B}.Release|Any CPU.Build.0 = Release|Any CPU
		{28DCB0D6-74CB-4E69-8E42-8ED0211E8946}.Debug|Any CPU.ActiveCfg = Debug|Any CPU
		{28DCB0D6-74CB-4E69-8E42-8ED0211E8946}.Debug|Any CPU.Build.0 = Debug|Any CPU
		{28DCB0D6-74CB-4E69-8E42-8ED0211E8946}.Release|Any CPU.ActiveCfg = Release|Any CPU
		{28DCB0D6-74CB-4E69-8E42-8ED0211E8946}.Release|Any CPU.Build.0 = Release|Any CPU
		{8EC5F722-6626-4B73-BB5A-360652C49B45}.Debug|Any CPU.ActiveCfg = Debug|Any CPU
		{8EC5F722-6626-4B73-BB5A-360652C49B45}.Debug|Any CPU.Build.0 = Debug|Any CPU
		{8EC5F722-6626-4B73-BB5A-360652C49B45}.Release|Any CPU.ActiveCfg = Release|Any CPU
		{8EC5F722-6626-4B73-BB5A-360652C49B45}.Release|Any CPU.Build.0 = Release|Any CPU
		{8C05BAAE-B79E-42D2-AF55-176E7DC30A72}.Debug|Any CPU.ActiveCfg = Debug|Any CPU
		{8C05BAAE-B79E-42D2-AF55-176E7DC30A72}.Debug|Any CPU.Build.0 = Debug|Any CPU
		{8C05BAAE-B79E-42D2-AF55-176E7DC30A72}.Release|Any CPU.ActiveCfg = Release|Any CPU
		{8C05BAAE-B79E-42D2-AF55-176E7DC30A72}.Release|Any CPU.Build.0 = Release|Any CPU
		{941DE033-4DAC-436F-ABCC-06417CF7F8BA}.Debug|Any CPU.ActiveCfg = Debug|Any CPU
		{941DE033-4DAC-436F-ABCC-06417CF7F8BA}.Debug|Any CPU.Build.0 = Debug|Any CPU
		{941DE033-4DAC-436F-ABCC-06417CF7F8BA}.Release|Any CPU.ActiveCfg = Release|Any CPU
		{941DE033-4DAC-436F-ABCC-06417CF7F8BA}.Release|Any CPU.Build.0 = Release|Any CPU
		{1769E9B1-6B79-4C27-943D-1B13DFFDC91E}.Debug|Any CPU.ActiveCfg = Debug|Any CPU
		{1769E9B1-6B79-4C27-943D-1B13DFFDC91E}.Debug|Any CPU.Build.0 = Debug|Any CPU
		{1769E9B1-6B79-4C27-943D-1B13DFFDC91E}.Release|Any CPU.ActiveCfg = Release|Any CPU
		{1769E9B1-6B79-4C27-943D-1B13DFFDC91E}.Release|Any CPU.Build.0 = Release|Any CPU
		{E93F7026-171C-4AC6-9198-9AEDFE5F3E54}.Debug|Any CPU.ActiveCfg = Debug|Any CPU
		{E93F7026-171C-4AC6-9198-9AEDFE5F3E54}.Debug|Any CPU.Build.0 = Debug|Any CPU
		{E93F7026-171C-4AC6-9198-9AEDFE5F3E54}.Release|Any CPU.ActiveCfg = Release|Any CPU
		{E93F7026-171C-4AC6-9198-9AEDFE5F3E54}.Release|Any CPU.Build.0 = Release|Any CPU
		{8D2C3B7A-0431-43FE-85F6-81FC3F7063F6}.Debug|Any CPU.ActiveCfg = Debug|Any CPU
		{8D2C3B7A-0431-43FE-85F6-81FC3F7063F6}.Debug|Any CPU.Build.0 = Debug|Any CPU
		{8D2C3B7A-0431-43FE-85F6-81FC3F7063F6}.Release|Any CPU.ActiveCfg = Release|Any CPU
		{8D2C3B7A-0431-43FE-85F6-81FC3F7063F6}.Release|Any CPU.Build.0 = Release|Any CPU
		{00387B72-C637-4F2E-A014-4D8240C65AB5}.Debug|Any CPU.ActiveCfg = Debug|Any CPU
		{00387B72-C637-4F2E-A014-4D8240C65AB5}.Debug|Any CPU.Build.0 = Debug|Any CPU
		{00387B72-C637-4F2E-A014-4D8240C65AB5}.Release|Any CPU.ActiveCfg = Release|Any CPU
		{00387B72-C637-4F2E-A014-4D8240C65AB5}.Release|Any CPU.Build.0 = Release|Any CPU
		{30F08517-C13B-48C1-BA29-2AB1250E262D}.Debug|Any CPU.ActiveCfg = Debug|Any CPU
		{30F08517-C13B-48C1-BA29-2AB1250E262D}.Debug|Any CPU.Build.0 = Debug|Any CPU
		{30F08517-C13B-48C1-BA29-2AB1250E262D}.Release|Any CPU.ActiveCfg = Release|Any CPU
		{30F08517-C13B-48C1-BA29-2AB1250E262D}.Release|Any CPU.Build.0 = Release|Any CPU
		{3AF3656E-8032-4694-8466-1CBB4A9E8F93}.Debug|Any CPU.ActiveCfg = Debug|Any CPU
		{3AF3656E-8032-4694-8466-1CBB4A9E8F93}.Debug|Any CPU.Build.0 = Debug|Any CPU
		{3AF3656E-8032-4694-8466-1CBB4A9E8F93}.Release|Any CPU.ActiveCfg = Release|Any CPU
		{3AF3656E-8032-4694-8466-1CBB4A9E8F93}.Release|Any CPU.Build.0 = Release|Any CPU
		{4F5FD671-2967-40DB-A151-C67CA36025DF}.Debug|Any CPU.ActiveCfg = Debug|Any CPU
		{4F5FD671-2967-40DB-A151-C67CA36025DF}.Debug|Any CPU.Build.0 = Debug|Any CPU
		{4F5FD671-2967-40DB-A151-C67CA36025DF}.Release|Any CPU.ActiveCfg = Release|Any CPU
		{4F5FD671-2967-40DB-A151-C67CA36025DF}.Release|Any CPU.Build.0 = Release|Any CPU
		{E23AC56D-524C-442A-BBBF-5F1EB6482681}.Debug|Any CPU.ActiveCfg = Debug|Any CPU
		{E23AC56D-524C-442A-BBBF-5F1EB6482681}.Debug|Any CPU.Build.0 = Debug|Any CPU
		{E23AC56D-524C-442A-BBBF-5F1EB6482681}.Release|Any CPU.ActiveCfg = Release|Any CPU
		{E23AC56D-524C-442A-BBBF-5F1EB6482681}.Release|Any CPU.Build.0 = Release|Any CPU
		{AA25E53C-0968-4CA5-A2D7-0E3C5D9A736E}.Debug|Any CPU.ActiveCfg = Debug|Any CPU
		{AA25E53C-0968-4CA5-A2D7-0E3C5D9A736E}.Debug|Any CPU.Build.0 = Debug|Any CPU
		{AA25E53C-0968-4CA5-A2D7-0E3C5D9A736E}.Release|Any CPU.ActiveCfg = Release|Any CPU
		{AA25E53C-0968-4CA5-A2D7-0E3C5D9A736E}.Release|Any CPU.Build.0 = Release|Any CPU
		{6B301CF3-D1F2-4821-8DED-D626B66FA980}.Debug|Any CPU.ActiveCfg = Debug|Any CPU
		{6B301CF3-D1F2-4821-8DED-D626B66FA980}.Debug|Any CPU.Build.0 = Debug|Any CPU
		{6B301CF3-D1F2-4821-8DED-D626B66FA980}.Release|Any CPU.ActiveCfg = Release|Any CPU
		{6B301CF3-D1F2-4821-8DED-D626B66FA980}.Release|Any CPU.Build.0 = Release|Any CPU
		{8E99D2F9-0119-4CCD-A718-03E3CEF07B0A}.Debug|Any CPU.ActiveCfg = Debug|Any CPU
		{8E99D2F9-0119-4CCD-A718-03E3CEF07B0A}.Debug|Any CPU.Build.0 = Debug|Any CPU
		{8E99D2F9-0119-4CCD-A718-03E3CEF07B0A}.Release|Any CPU.ActiveCfg = Release|Any CPU
		{8E99D2F9-0119-4CCD-A718-03E3CEF07B0A}.Release|Any CPU.Build.0 = Release|Any CPU
		{DAF94A24-2070-4B7E-B201-B01166848907}.Debug|Any CPU.ActiveCfg = Debug|Any CPU
		{DAF94A24-2070-4B7E-B201-B01166848907}.Debug|Any CPU.Build.0 = Debug|Any CPU
		{DAF94A24-2070-4B7E-B201-B01166848907}.Release|Any CPU.ActiveCfg = Release|Any CPU
		{DAF94A24-2070-4B7E-B201-B01166848907}.Release|Any CPU.Build.0 = Release|Any CPU
		{0737DC33-F105-4A49-9E38-09BB258CD7A7}.Debug|Any CPU.ActiveCfg = Debug|Any CPU
		{0737DC33-F105-4A49-9E38-09BB258CD7A7}.Debug|Any CPU.Build.0 = Debug|Any CPU
		{0737DC33-F105-4A49-9E38-09BB258CD7A7}.Release|Any CPU.ActiveCfg = Release|Any CPU
		{0737DC33-F105-4A49-9E38-09BB258CD7A7}.Release|Any CPU.Build.0 = Release|Any CPU
		{B702D3E2-F71C-426A-9C9E-5738497AA4F8}.Debug|Any CPU.ActiveCfg = Debug|Any CPU
		{B702D3E2-F71C-426A-9C9E-5738497AA4F8}.Debug|Any CPU.Build.0 = Debug|Any CPU
		{B702D3E2-F71C-426A-9C9E-5738497AA4F8}.Release|Any CPU.ActiveCfg = Release|Any CPU
		{B702D3E2-F71C-426A-9C9E-5738497AA4F8}.Release|Any CPU.Build.0 = Release|Any CPU
		{2E853E13-2C32-44B0-9AD6-61FC1CFCA241}.Debug|Any CPU.ActiveCfg = Debug|Any CPU
		{2E853E13-2C32-44B0-9AD6-61FC1CFCA241}.Debug|Any CPU.Build.0 = Debug|Any CPU
		{2E853E13-2C32-44B0-9AD6-61FC1CFCA241}.Release|Any CPU.ActiveCfg = Release|Any CPU
		{2E853E13-2C32-44B0-9AD6-61FC1CFCA241}.Release|Any CPU.Build.0 = Release|Any CPU
		{D807E4A3-8D72-4CBF-8491-B76CE1919AAD}.Debug|Any CPU.ActiveCfg = Debug|Any CPU
		{D807E4A3-8D72-4CBF-8491-B76CE1919AAD}.Debug|Any CPU.Build.0 = Debug|Any CPU
		{D807E4A3-8D72-4CBF-8491-B76CE1919AAD}.Release|Any CPU.ActiveCfg = Release|Any CPU
		{D807E4A3-8D72-4CBF-8491-B76CE1919AAD}.Release|Any CPU.Build.0 = Release|Any CPU
		{A4A7C7C9-ACC2-4EBA-B98F-95022868D651}.Debug|Any CPU.ActiveCfg = Debug|Any CPU
		{A4A7C7C9-ACC2-4EBA-B98F-95022868D651}.Debug|Any CPU.Build.0 = Debug|Any CPU
		{A4A7C7C9-ACC2-4EBA-B98F-95022868D651}.Release|Any CPU.ActiveCfg = Release|Any CPU
		{A4A7C7C9-ACC2-4EBA-B98F-95022868D651}.Release|Any CPU.Build.0 = Release|Any CPU
		{C30BD112-3BD8-4BF9-882A-5BC46DDF6F28}.Debug|Any CPU.ActiveCfg = Debug|Any CPU
		{C30BD112-3BD8-4BF9-882A-5BC46DDF6F28}.Debug|Any CPU.Build.0 = Debug|Any CPU
		{C30BD112-3BD8-4BF9-882A-5BC46DDF6F28}.Release|Any CPU.ActiveCfg = Release|Any CPU
		{C30BD112-3BD8-4BF9-882A-5BC46DDF6F28}.Release|Any CPU.Build.0 = Release|Any CPU
		{D04A192D-72B2-4594-AD3B-16D90ABE9717}.Debug|Any CPU.ActiveCfg = Debug|Any CPU
		{D04A192D-72B2-4594-AD3B-16D90ABE9717}.Debug|Any CPU.Build.0 = Debug|Any CPU
		{D04A192D-72B2-4594-AD3B-16D90ABE9717}.Release|Any CPU.ActiveCfg = Release|Any CPU
		{D04A192D-72B2-4594-AD3B-16D90ABE9717}.Release|Any CPU.Build.0 = Release|Any CPU
		{34605BF8-AB03-46CC-8D4D-0695DBAAF891}.Debug|Any CPU.ActiveCfg = Debug|Any CPU
		{34605BF8-AB03-46CC-8D4D-0695DBAAF891}.Debug|Any CPU.Build.0 = Debug|Any CPU
		{34605BF8-AB03-46CC-8D4D-0695DBAAF891}.Release|Any CPU.ActiveCfg = Release|Any CPU
		{34605BF8-AB03-46CC-8D4D-0695DBAAF891}.Release|Any CPU.Build.0 = Release|Any CPU
		{8F96F551-5883-4065-99EE-6F604342902A}.Debug|Any CPU.ActiveCfg = Debug|Any CPU
		{8F96F551-5883-4065-99EE-6F604342902A}.Debug|Any CPU.Build.0 = Debug|Any CPU
		{8F96F551-5883-4065-99EE-6F604342902A}.Release|Any CPU.ActiveCfg = Release|Any CPU
		{8F96F551-5883-4065-99EE-6F604342902A}.Release|Any CPU.Build.0 = Release|Any CPU
		{261509C4-3989-4975-BB61-E2EF1ABAAC89}.Debug|Any CPU.ActiveCfg = Debug|Any CPU
		{261509C4-3989-4975-BB61-E2EF1ABAAC89}.Debug|Any CPU.Build.0 = Debug|Any CPU
		{261509C4-3989-4975-BB61-E2EF1ABAAC89}.Release|Any CPU.ActiveCfg = Release|Any CPU
		{261509C4-3989-4975-BB61-E2EF1ABAAC89}.Release|Any CPU.Build.0 = Release|Any CPU
		{4A75D890-31DB-42F7-9712-2ADD89DBE9BE}.Debug|Any CPU.ActiveCfg = Debug|Any CPU
		{4A75D890-31DB-42F7-9712-2ADD89DBE9BE}.Debug|Any CPU.Build.0 = Debug|Any CPU
		{4A75D890-31DB-42F7-9712-2ADD89DBE9BE}.Release|Any CPU.ActiveCfg = Release|Any CPU
		{4A75D890-31DB-42F7-9712-2ADD89DBE9BE}.Release|Any CPU.Build.0 = Release|Any CPU
		{59B741BF-9BF0-48DE-8566-0DD84F244C26}.Debug|Any CPU.ActiveCfg = Debug|Any CPU
		{59B741BF-9BF0-48DE-8566-0DD84F244C26}.Debug|Any CPU.Build.0 = Debug|Any CPU
		{59B741BF-9BF0-48DE-8566-0DD84F244C26}.Release|Any CPU.ActiveCfg = Release|Any CPU
		{59B741BF-9BF0-48DE-8566-0DD84F244C26}.Release|Any CPU.Build.0 = Release|Any CPU
		{E1F1869C-51BF-45A4-A60D-0E7BCBAACFBB}.Debug|Any CPU.ActiveCfg = Debug|Any CPU
		{E1F1869C-51BF-45A4-A60D-0E7BCBAACFBB}.Debug|Any CPU.Build.0 = Debug|Any CPU
		{E1F1869C-51BF-45A4-A60D-0E7BCBAACFBB}.Release|Any CPU.ActiveCfg = Release|Any CPU
		{E1F1869C-51BF-45A4-A60D-0E7BCBAACFBB}.Release|Any CPU.Build.0 = Release|Any CPU
		{4FB85D9C-EF65-4E74-8BDB-E2B424A29E26}.Debug|Any CPU.ActiveCfg = Debug|Any CPU
		{4FB85D9C-EF65-4E74-8BDB-E2B424A29E26}.Debug|Any CPU.Build.0 = Debug|Any CPU
		{4FB85D9C-EF65-4E74-8BDB-E2B424A29E26}.Release|Any CPU.ActiveCfg = Release|Any CPU
		{4FB85D9C-EF65-4E74-8BDB-E2B424A29E26}.Release|Any CPU.Build.0 = Release|Any CPU
		{E688FAA8-1DF7-4647-8073-7DBF8ACFD84B}.Debug|Any CPU.ActiveCfg = Debug|Any CPU
		{E688FAA8-1DF7-4647-8073-7DBF8ACFD84B}.Debug|Any CPU.Build.0 = Debug|Any CPU
		{E688FAA8-1DF7-4647-8073-7DBF8ACFD84B}.Release|Any CPU.ActiveCfg = Release|Any CPU
		{E688FAA8-1DF7-4647-8073-7DBF8ACFD84B}.Release|Any CPU.Build.0 = Release|Any CPU
		{8F62736E-1D25-452D-939A-52C85A794271}.Debug|Any CPU.ActiveCfg = Debug|Any CPU
		{8F62736E-1D25-452D-939A-52C85A794271}.Debug|Any CPU.Build.0 = Debug|Any CPU
		{8F62736E-1D25-452D-939A-52C85A794271}.Release|Any CPU.ActiveCfg = Release|Any CPU
		{8F62736E-1D25-452D-939A-52C85A794271}.Release|Any CPU.Build.0 = Release|Any CPU
		{1F362F65-9F83-4F7D-B274-BAA2FEBBC8F8}.Debug|Any CPU.ActiveCfg = Debug|Any CPU
		{1F362F65-9F83-4F7D-B274-BAA2FEBBC8F8}.Debug|Any CPU.Build.0 = Debug|Any CPU
		{1F362F65-9F83-4F7D-B274-BAA2FEBBC8F8}.Release|Any CPU.ActiveCfg = Release|Any CPU
		{1F362F65-9F83-4F7D-B274-BAA2FEBBC8F8}.Release|Any CPU.Build.0 = Release|Any CPU
		{88310E67-AF71-48FE-94BF-35513935CCA8}.Debug|Any CPU.ActiveCfg = Debug|Any CPU
		{88310E67-AF71-48FE-94BF-35513935CCA8}.Debug|Any CPU.Build.0 = Debug|Any CPU
		{88310E67-AF71-48FE-94BF-35513935CCA8}.Release|Any CPU.ActiveCfg = Release|Any CPU
		{88310E67-AF71-48FE-94BF-35513935CCA8}.Release|Any CPU.Build.0 = Release|Any CPU
		{823BC54A-42A8-425A-AFA2-6F00618AE749}.Debug|Any CPU.ActiveCfg = Debug|Any CPU
		{823BC54A-42A8-425A-AFA2-6F00618AE749}.Debug|Any CPU.Build.0 = Debug|Any CPU
		{823BC54A-42A8-425A-AFA2-6F00618AE749}.Release|Any CPU.ActiveCfg = Release|Any CPU
		{823BC54A-42A8-425A-AFA2-6F00618AE749}.Release|Any CPU.Build.0 = Release|Any CPU
		{3733295E-A8EE-4602-B417-2497C428BACA}.Debug|Any CPU.ActiveCfg = Debug|Any CPU
		{3733295E-A8EE-4602-B417-2497C428BACA}.Debug|Any CPU.Build.0 = Debug|Any CPU
		{3733295E-A8EE-4602-B417-2497C428BACA}.Release|Any CPU.ActiveCfg = Release|Any CPU
		{3733295E-A8EE-4602-B417-2497C428BACA}.Release|Any CPU.Build.0 = Release|Any CPU
		{55E2510B-E196-4C8C-8076-042FA7113D29}.Debug|Any CPU.ActiveCfg = Debug|Any CPU
		{55E2510B-E196-4C8C-8076-042FA7113D29}.Debug|Any CPU.Build.0 = Debug|Any CPU
		{55E2510B-E196-4C8C-8076-042FA7113D29}.Release|Any CPU.ActiveCfg = Release|Any CPU
		{55E2510B-E196-4C8C-8076-042FA7113D29}.Release|Any CPU.Build.0 = Release|Any CPU
		{7F4D1773-E923-4D72-A0C4-C74E95FF9C59}.Debug|Any CPU.ActiveCfg = Debug|Any CPU
		{7F4D1773-E923-4D72-A0C4-C74E95FF9C59}.Debug|Any CPU.Build.0 = Debug|Any CPU
		{7F4D1773-E923-4D72-A0C4-C74E95FF9C59}.Release|Any CPU.ActiveCfg = Release|Any CPU
		{7F4D1773-E923-4D72-A0C4-C74E95FF9C59}.Release|Any CPU.Build.0 = Release|Any CPU
	EndGlobalSection
	GlobalSection(SolutionProperties) = preSolution
		HideSolutionNode = FALSE
	EndGlobalSection
	GlobalSection(NestedProjects) = preSolution
		{38CAF0D7-C3FE-40A2-B471-2759DE02BCF7} = {C3FCB270-C75B-42E0-BBCB-05FDE469C08B}
		{7ECC1BD2-E42E-4F17-B24D-7B777D5473EA} = {4C0C1E65-0589-4CD2-B62C-913B59388978}
		{70A34373-FA34-47FB-9176-6740A3056C49} = {E9DAAAEF-2B52-4AB6-9CF5-2CD2C92006F1}
		{4C0C1E65-0589-4CD2-B62C-913B59388978} = {D133E5AD-807D-4DCE-8D91-43AFF886ECA1}
		{E9DAAAEF-2B52-4AB6-9CF5-2CD2C92006F1} = {D133E5AD-807D-4DCE-8D91-43AFF886ECA1}
		{E290F81F-D2AB-4A2A-B2A5-DE52B850DC97} = {4C0C1E65-0589-4CD2-B62C-913B59388978}
		{85FC86E0-8545-4586-8ED0-AE235AD7E5DA} = {C3FCB270-C75B-42E0-BBCB-05FDE469C08B}
		{40C5B33F-CA28-46C6-A761-733E0FD2C091} = {84BCCB9B-AAA6-4A2F-8F33-B3124995A6AF}
		{243F7A4A-723D-4582-90D4-EA8CBE099B23} = {84BCCB9B-AAA6-4A2F-8F33-B3124995A6AF}
		{D3D03D6B-886E-4423-BF34-8ADE5442AA1F} = {84BCCB9B-AAA6-4A2F-8F33-B3124995A6AF}
		{917ED9BF-8A67-49A7-9DB5-F03DD951F7F0} = {84BCCB9B-AAA6-4A2F-8F33-B3124995A6AF}
		{267DF509-F8D5-45EC-A64C-CBAF537AA292} = {84BCCB9B-AAA6-4A2F-8F33-B3124995A6AF}
		{494E696F-6EE1-4D11-828A-71DEBEB433A8} = {84BCCB9B-AAA6-4A2F-8F33-B3124995A6AF}
		{9A0A8DEB-C497-4A30-971E-C1F1DF4305E7} = {C3FCB270-C75B-42E0-BBCB-05FDE469C08B}
		{BC18C485-79F0-4C22-94DE-8629613047A8} = {95249316-DE3F-4956-A470-2368CA023E7F}
		{A59654DC-B2DF-4D01-8625-766384BFC00C} = {95249316-DE3F-4956-A470-2368CA023E7F}
		{BFCCC4A0-F5DC-443D-BD23-14C76586ED62} = {C1A65116-DE36-484E-BD5D-A10724497581}
		{03BCC0CB-147A-4594-8DCA-EE922FF6172A} = {C1A65116-DE36-484E-BD5D-A10724497581}
		{C12F5E49-4E20-46A5-8438-6AA3CCEB3A7B} = {02F056A9-CD51-4DAC-9A49-B0AF8A7A23F1}
		{7867DED7-E939-43C5-BDBA-BB5281CB10F1} = {02F056A9-CD51-4DAC-9A49-B0AF8A7A23F1}
		{B157EEC6-1BCB-4E48-81B2-CFC0D7DD01F4} = {02F056A9-CD51-4DAC-9A49-B0AF8A7A23F1}
		{0086A9DE-A061-4EC6-BC73-02FC0B0EF9A5} = {02F056A9-CD51-4DAC-9A49-B0AF8A7A23F1}
		{8FDBAB85-911B-4B4B-9A29-692A01FDE6BD} = {3A1D9CA8-7310-425C-8981-B1B632EB9F8A}
		{393793D1-2C14-4B07-99D9-D5B02C815FE1} = {0F1E61F8-C141-4E0C-8065-203C62346A70}
		{7D60C75C-2A11-4B92-ADA5-D644E1E7625A} = {0F1E61F8-C141-4E0C-8065-203C62346A70}
		{BF41BFF2-A23D-4341-8AAA-57F8DD2D6ED2} = {0F1E61F8-C141-4E0C-8065-203C62346A70}
		{AAC9E710-C65A-41A1-8029-809F8F8E100B} = {393793D1-2C14-4B07-99D9-D5B02C815FE1}
		{28DCB0D6-74CB-4E69-8E42-8ED0211E8946} = {7D60C75C-2A11-4B92-ADA5-D644E1E7625A}
		{8EC5F722-6626-4B73-BB5A-360652C49B45} = {BF41BFF2-A23D-4341-8AAA-57F8DD2D6ED2}
		{8C05BAAE-B79E-42D2-AF55-176E7DC30A72} = {3A1D9CA8-7310-425C-8981-B1B632EB9F8A}
		{941DE033-4DAC-436F-ABCC-06417CF7F8BA} = {3A1D9CA8-7310-425C-8981-B1B632EB9F8A}
		{1769E9B1-6B79-4C27-943D-1B13DFFDC91E} = {F8946229-24EF-4757-A47D-07CBD2837F14}
		{E93F7026-171C-4AC6-9198-9AEDFE5F3E54} = {F8946229-24EF-4757-A47D-07CBD2837F14}
		{8D2C3B7A-0431-43FE-85F6-81FC3F7063F6} = {F8946229-24EF-4757-A47D-07CBD2837F14}
		{00387B72-C637-4F2E-A014-4D8240C65AB5} = {F8946229-24EF-4757-A47D-07CBD2837F14}
		{30F08517-C13B-48C1-BA29-2AB1250E262D} = {F8946229-24EF-4757-A47D-07CBD2837F14}
		{3AF3656E-8032-4694-8466-1CBB4A9E8F93} = {9380360B-70F5-4E37-8E39-395851788381}
		{4F5FD671-2967-40DB-A151-C67CA36025DF} = {9380360B-70F5-4E37-8E39-395851788381}
		{E23AC56D-524C-442A-BBBF-5F1EB6482681} = {01031BA4-01AF-4254-A247-90E301C5E895}
		{D5F3EF81-C4E8-4211-A8DC-CC85E674B8D4} = {B0BFEFBE-1D44-4E4F-A2AA-958FB3B29EC2}
		{4A0F055D-0598-4891-A309-37BE65D8CDCC} = {B0BFEFBE-1D44-4E4F-A2AA-958FB3B29EC2}
		{35520D71-A20B-4CF2-B754-5E8AE2E87003} = {B0BFEFBE-1D44-4E4F-A2AA-958FB3B29EC2}
		{ACC316DB-EE55-44EC-9B92-1AE0B47E8AF8} = {B0BFEFBE-1D44-4E4F-A2AA-958FB3B29EC2}
		{AA25E53C-0968-4CA5-A2D7-0E3C5D9A736E} = {ACC316DB-EE55-44EC-9B92-1AE0B47E8AF8}
		{6B301CF3-D1F2-4821-8DED-D626B66FA980} = {35520D71-A20B-4CF2-B754-5E8AE2E87003}
		{8E99D2F9-0119-4CCD-A718-03E3CEF07B0A} = {4A0F055D-0598-4891-A309-37BE65D8CDCC}
		{DAF94A24-2070-4B7E-B201-B01166848907} = {D5F3EF81-C4E8-4211-A8DC-CC85E674B8D4}
		{6A8031C3-3507-4E9A-AF9A-65F7EAC5A461} = {B0BFEFBE-1D44-4E4F-A2AA-958FB3B29EC2}
		{0737DC33-F105-4A49-9E38-09BB258CD7A7} = {6A8031C3-3507-4E9A-AF9A-65F7EAC5A461}
		{B702D3E2-F71C-426A-9C9E-5738497AA4F8} = {D5F3EF81-C4E8-4211-A8DC-CC85E674B8D4}
		{14DD51B9-5559-4C55-B890-5EB31000EBD6} = {B0BFEFBE-1D44-4E4F-A2AA-958FB3B29EC2}
		{2E853E13-2C32-44B0-9AD6-61FC1CFCA241} = {14DD51B9-5559-4C55-B890-5EB31000EBD6}
		{D807E4A3-8D72-4CBF-8491-B76CE1919AAD} = {C3FCB270-C75B-42E0-BBCB-05FDE469C08B}
		{A4A7C7C9-ACC2-4EBA-B98F-95022868D651} = {CC520656-D09A-43E8-B3EA-02DDC93A211F}
		{C30BD112-3BD8-4BF9-882A-5BC46DDF6F28} = {CC520656-D09A-43E8-B3EA-02DDC93A211F}
		{D04A192D-72B2-4594-AD3B-16D90ABE9717} = {8557702D-C8F6-4E21-8705-7FE89F50E7C5}
		{34605BF8-AB03-46CC-8D4D-0695DBAAF891} = {8557702D-C8F6-4E21-8705-7FE89F50E7C5}
		{8F96F551-5883-4065-99EE-6F604342902A} = {8557702D-C8F6-4E21-8705-7FE89F50E7C5}
		{261509C4-3989-4975-BB61-E2EF1ABAAC89} = {8557702D-C8F6-4E21-8705-7FE89F50E7C5}
		{4A75D890-31DB-42F7-9712-2ADD89DBE9BE} = {8557702D-C8F6-4E21-8705-7FE89F50E7C5}
		{59B741BF-9BF0-48DE-8566-0DD84F244C26} = {8557702D-C8F6-4E21-8705-7FE89F50E7C5}
		{E1F1869C-51BF-45A4-A60D-0E7BCBAACFBB} = {8557702D-C8F6-4E21-8705-7FE89F50E7C5}
		{4FB85D9C-EF65-4E74-8BDB-E2B424A29E26} = {6131E1BD-2F51-4C90-ABF6-A62EB81C9D63}
		{E688FAA8-1DF7-4647-8073-7DBF8ACFD84B} = {6131E1BD-2F51-4C90-ABF6-A62EB81C9D63}
		{8F62736E-1D25-452D-939A-52C85A794271} = {2EE55B02-6DE7-4B86-B868-821BBAFDE90D}
		{1F362F65-9F83-4F7D-B274-BAA2FEBBC8F8} = {2EE55B02-6DE7-4B86-B868-821BBAFDE90D}
		{88310E67-AF71-48FE-94BF-35513935CCA8} = {2EE55B02-6DE7-4B86-B868-821BBAFDE90D}
		{823BC54A-42A8-425A-AFA2-6F00618AE749} = {2EE55B02-6DE7-4B86-B868-821BBAFDE90D}
		{3733295E-A8EE-4602-B417-2497C428BACA} = {2EE55B02-6DE7-4B86-B868-821BBAFDE90D}
		{55E2510B-E196-4C8C-8076-042FA7113D29} = {7B35B485-953A-4510-82C0-6EB648CA7755}
		{7F4D1773-E923-4D72-A0C4-C74E95FF9C59} = {7B35B485-953A-4510-82C0-6EB648CA7755}
	EndGlobalSection
	GlobalSection(ExtensibilityGlobals) = postSolution
		SolutionGuid = {2C13A543-40EC-45BE-A66A-2135669D4278}
	EndGlobalSection
EndGlobal
