
Microsoft Visual Studio Solution File, Format Version 12.00
# Visual Studio Version 17
VisualStudioVersion = 17.8.34511.84
MinimumVisualStudioVersion = 10.0.40219.1
Project("{FAE04EC0-301F-11D3-BF4B-00C04F79EFBC}") = "FirstConsoleApp", "FirstConsoleApp\FirstConsoleApp.csproj", "{38CAF0D7-C3FE-40A2-B471-2759DE02BCF7}"
EndProject
Project("{FAE04EC0-301F-11D3-BF4B-00C04F79EFBC}") = "SimpleCalculator", "SimpleCalculator\SimpleCalculator.csproj", "{7ECC1BD2-E42E-4F17-B24D-7B777D5473EA}"
EndProject
Project("{FAE04EC0-301F-11D3-BF4B-00C04F79EFBC}") = "ComputeLibrary", "ComputeLibrary\ComputeLibrary.csproj", "{70A34373-FA34-47FB-9176-6740A3056C49}"
EndProject
Project("{2150E333-8FDC-42A3-9474-1A3956D46DE8}") = "My Simple Calculator App", "My Simple Calculator App", "{D133E5AD-807D-4DCE-8D91-43AFF886ECA1}"
EndProject
Project("{2150E333-8FDC-42A3-9474-1A3956D46DE8}") = "Presentation Layer", "Presentation Layer", "{4C0C1E65-0589-4CD2-B62C-913B59388978}"
EndProject
Project("{2150E333-8FDC-42A3-9474-1A3956D46DE8}") = "Business Layer", "Business Layer", "{E9DAAAEF-2B52-4AB6-9CF5-2CD2C92006F1}"
EndProject
Project("{FAE04EC0-301F-11D3-BF4B-00C04F79EFBC}") = "SimpleCalculator.WindowsFormsApp", "SimpleCalculator.WindowsFormsApp\SimpleCalculator.WindowsFormsApp.csproj", "{E290F81F-D2AB-4A2A-B2A5-DE52B850DC97}"
EndProject
Project("{FAE04EC0-301F-11D3-BF4B-00C04F79EFBC}") = "LabsAndRef", "LabsAndRef\LabsAndRef.csproj", "{E51B4EA7-F04A-4C9D-8DAB-92D9FD354D60}"
EndProject
Project("{FAE04EC0-301F-11D3-BF4B-00C04F79EFBC}") = "DataTypesDemo", "DataTypesDemo\DataTypesDemo.csproj", "{85FC86E0-8545-4586-8ED0-AE235AD7E5DA}"
EndProject
Project("{FAE04EC0-301F-11D3-BF4B-00C04F79EFBC}") = "OODemo1", "OODemo1\OODemo1.csproj", "{40C5B33F-CA28-46C6-A761-733E0FD2C091}"
EndProject
Project("{FAE04EC0-301F-11D3-BF4B-00C04F79EFBC}") = "HasADemos", "HasADemos\HasADemos.csproj", "{243F7A4A-723D-4582-90D4-EA8CBE099B23}"
EndProject
Project("{FAE04EC0-301F-11D3-BF4B-00C04F79EFBC}") = "OneToManyHasADemo", "OneToManyHasADemo\OneToManyHasADemo.csproj", "{D3D03D6B-886E-4423-BF34-8ADE5442AA1F}"
EndProject
Project("{FAE04EC0-301F-11D3-BF4B-00C04F79EFBC}") = "TrainerTraineeApp", "TrainerTraineeApp\TrainerTraineeApp.csproj", "{917ED9BF-8A67-49A7-9DB5-F03DD951F7F0}"
EndProject
Project("{FAE04EC0-301F-11D3-BF4B-00C04F79EFBC}") = "OODemo2", "OODemo2\OODemo2.csproj", "{267DF509-F8D5-45EC-A64C-CBAF537AA292}"
EndProject
Project("{FAE04EC0-301F-11D3-BF4B-00C04F79EFBC}") = "IdeLab", "IdeLab\IdeLab.csproj", "{494E696F-6EE1-4D11-828A-71DEBEB433A8}"
EndProject
Project("{FAE04EC0-301F-11D3-BF4B-00C04F79EFBC}") = "MemoryManagementDemo", "MemoryManagementDemo\MemoryManagementDemo.csproj", "{9A0A8DEB-C497-4A30-971E-C1F1DF4305E7}"
EndProject
Project("{FAE04EC0-301F-11D3-BF4B-00C04F79EFBC}") = "CollectionsDemo", "CollectionsDemo\CollectionsDemo.csproj", "{BC18C485-79F0-4C22-94DE-8629613047A8}"
EndProject
Project("{FAE04EC0-301F-11D3-BF4B-00C04F79EFBC}") = "CollectionsDemo2", "CollectionsDemo2\CollectionsDemo2.csproj", "{A59654DC-B2DF-4D01-8625-766384BFC00C}"
EndProject
Project("{FAE04EC0-301F-11D3-BF4B-00C04F79EFBC}") = "ExceptionsDemo1", "ExceptionsDemo1\ExceptionsDemo1.csproj", "{BFCCC4A0-F5DC-443D-BD23-14C76586ED62}"
EndProject
Project("{FAE04EC0-301F-11D3-BF4B-00C04F79EFBC}") = "ExceptionsDemo2", "ExceptionsDemo2\ExceptionsDemo2.csproj", "{03BCC0CB-147A-4594-8DCA-EE922FF6172A}"
EndProject
Global
	GlobalSection(SolutionConfigurationPlatforms) = preSolution
		Debug|Any CPU = Debug|Any CPU
		Release|Any CPU = Release|Any CPU
	EndGlobalSection
	GlobalSection(ProjectConfigurationPlatforms) = postSolution
		{38CAF0D7-C3FE-40A2-B471-2759DE02BCF7}.Debug|Any CPU.ActiveCfg = Debug|Any CPU
		{38CAF0D7-C3FE-40A2-B471-2759DE02BCF7}.Debug|Any CPU.Build.0 = Debug|Any CPU
		{38CAF0D7-C3FE-40A2-B471-2759DE02BCF7}.Release|Any CPU.ActiveCfg = Release|Any CPU
		{38CAF0D7-C3FE-40A2-B471-2759DE02BCF7}.Release|Any CPU.Build.0 = Release|Any CPU
		{7ECC1BD2-E42E-4F17-B24D-7B777D5473EA}.Debug|Any CPU.ActiveCfg = Debug|Any CPU
		{7ECC1BD2-E42E-4F17-B24D-7B777D5473EA}.Debug|Any CPU.Build.0 = Debug|Any CPU
		{7ECC1BD2-E42E-4F17-B24D-7B777D5473EA}.Release|Any CPU.ActiveCfg = Release|Any CPU
		{7ECC1BD2-E42E-4F17-B24D-7B777D5473EA}.Release|Any CPU.Build.0 = Release|Any CPU
		{70A34373-FA34-47FB-9176-6740A3056C49}.Debug|Any CPU.ActiveCfg = Debug|Any CPU
		{70A34373-FA34-47FB-9176-6740A3056C49}.Debug|Any CPU.Build.0 = Debug|Any CPU
		{70A34373-FA34-47FB-9176-6740A3056C49}.Release|Any CPU.ActiveCfg = Release|Any CPU
		{70A34373-FA34-47FB-9176-6740A3056C49}.Release|Any CPU.Build.0 = Release|Any CPU
		{E290F81F-D2AB-4A2A-B2A5-DE52B850DC97}.Debug|Any CPU.ActiveCfg = Debug|Any CPU
		{E290F81F-D2AB-4A2A-B2A5-DE52B850DC97}.Debug|Any CPU.Build.0 = Debug|Any CPU
		{E290F81F-D2AB-4A2A-B2A5-DE52B850DC97}.Release|Any CPU.ActiveCfg = Release|Any CPU
		{E290F81F-D2AB-4A2A-B2A5-DE52B850DC97}.Release|Any CPU.Build.0 = Release|Any CPU
		{E51B4EA7-F04A-4C9D-8DAB-92D9FD354D60}.Debug|Any CPU.ActiveCfg = Debug|Any CPU
		{E51B4EA7-F04A-4C9D-8DAB-92D9FD354D60}.Debug|Any CPU.Build.0 = Debug|Any CPU
		{E51B4EA7-F04A-4C9D-8DAB-92D9FD354D60}.Release|Any CPU.ActiveCfg = Release|Any CPU
		{E51B4EA7-F04A-4C9D-8DAB-92D9FD354D60}.Release|Any CPU.Build.0 = Release|Any CPU
		{85FC86E0-8545-4586-8ED0-AE235AD7E5DA}.Debug|Any CPU.ActiveCfg = Debug|Any CPU
		{85FC86E0-8545-4586-8ED0-AE235AD7E5DA}.Debug|Any CPU.Build.0 = Debug|Any CPU
		{85FC86E0-8545-4586-8ED0-AE235AD7E5DA}.Release|Any CPU.ActiveCfg = Release|Any CPU
		{85FC86E0-8545-4586-8ED0-AE235AD7E5DA}.Release|Any CPU.Build.0 = Release|Any CPU
		{40C5B33F-CA28-46C6-A761-733E0FD2C091}.Debug|Any CPU.ActiveCfg = Debug|Any CPU
		{40C5B33F-CA28-46C6-A761-733E0FD2C091}.Debug|Any CPU.Build.0 = Debug|Any CPU
		{40C5B33F-CA28-46C6-A761-733E0FD2C091}.Release|Any CPU.ActiveCfg = Release|Any CPU
		{40C5B33F-CA28-46C6-A761-733E0FD2C091}.Release|Any CPU.Build.0 = Release|Any CPU
		{243F7A4A-723D-4582-90D4-EA8CBE099B23}.Debug|Any CPU.ActiveCfg = Debug|Any CPU
		{243F7A4A-723D-4582-90D4-EA8CBE099B23}.Debug|Any CPU.Build.0 = Debug|Any CPU
		{243F7A4A-723D-4582-90D4-EA8CBE099B23}.Release|Any CPU.ActiveCfg = Release|Any CPU
		{243F7A4A-723D-4582-90D4-EA8CBE099B23}.Release|Any CPU.Build.0 = Release|Any CPU
		{D3D03D6B-886E-4423-BF34-8ADE5442AA1F}.Debug|Any CPU.ActiveCfg = Debug|Any CPU
		{D3D03D6B-886E-4423-BF34-8ADE5442AA1F}.Debug|Any CPU.Build.0 = Debug|Any CPU
		{D3D03D6B-886E-4423-BF34-8ADE5442AA1F}.Release|Any CPU.ActiveCfg = Release|Any CPU
		{D3D03D6B-886E-4423-BF34-8ADE5442AA1F}.Release|Any CPU.Build.0 = Release|Any CPU
		{917ED9BF-8A67-49A7-9DB5-F03DD951F7F0}.Debug|Any CPU.ActiveCfg = Debug|Any CPU
		{917ED9BF-8A67-49A7-9DB5-F03DD951F7F0}.Debug|Any CPU.Build.0 = Debug|Any CPU
		{917ED9BF-8A67-49A7-9DB5-F03DD951F7F0}.Release|Any CPU.ActiveCfg = Release|Any CPU
		{917ED9BF-8A67-49A7-9DB5-F03DD951F7F0}.Release|Any CPU.Build.0 = Release|Any CPU
		{267DF509-F8D5-45EC-A64C-CBAF537AA292}.Debug|Any CPU.ActiveCfg = Debug|Any CPU
		{267DF509-F8D5-45EC-A64C-CBAF537AA292}.Debug|Any CPU.Build.0 = Debug|Any CPU
		{267DF509-F8D5-45EC-A64C-CBAF537AA292}.Release|Any CPU.ActiveCfg = Release|Any CPU
		{267DF509-F8D5-45EC-A64C-CBAF537AA292}.Release|Any CPU.Build.0 = Release|Any CPU
		{494E696F-6EE1-4D11-828A-71DEBEB433A8}.Debug|Any CPU.ActiveCfg = Debug|Any CPU
		{494E696F-6EE1-4D11-828A-71DEBEB433A8}.Debug|Any CPU.Build.0 = Debug|Any CPU
		{494E696F-6EE1-4D11-828A-71DEBEB433A8}.Release|Any CPU.ActiveCfg = Release|Any CPU
		{494E696F-6EE1-4D11-828A-71DEBEB433A8}.Release|Any CPU.Build.0 = Release|Any CPU
		{9A0A8DEB-C497-4A30-971E-C1F1DF4305E7}.Debug|Any CPU.ActiveCfg = Debug|Any CPU
		{9A0A8DEB-C497-4A30-971E-C1F1DF4305E7}.Debug|Any CPU.Build.0 = Debug|Any CPU
		{9A0A8DEB-C497-4A30-971E-C1F1DF4305E7}.Release|Any CPU.ActiveCfg = Release|Any CPU
		{9A0A8DEB-C497-4A30-971E-C1F1DF4305E7}.Release|Any CPU.Build.0 = Release|Any CPU
		{BC18C485-79F0-4C22-94DE-8629613047A8}.Debug|Any CPU.ActiveCfg = Debug|Any CPU
		{BC18C485-79F0-4C22-94DE-8629613047A8}.Debug|Any CPU.Build.0 = Debug|Any CPU
		{BC18C485-79F0-4C22-94DE-8629613047A8}.Release|Any CPU.ActiveCfg = Release|Any CPU
		{BC18C485-79F0-4C22-94DE-8629613047A8}.Release|Any CPU.Build.0 = Release|Any CPU
		{A59654DC-B2DF-4D01-8625-766384BFC00C}.Debug|Any CPU.ActiveCfg = Debug|Any CPU
		{A59654DC-B2DF-4D01-8625-766384BFC00C}.Debug|Any CPU.Build.0 = Debug|Any CPU
		{A59654DC-B2DF-4D01-8625-766384BFC00C}.Release|Any CPU.ActiveCfg = Release|Any CPU
		{A59654DC-B2DF-4D01-8625-766384BFC00C}.Release|Any CPU.Build.0 = Release|Any CPU
		{BFCCC4A0-F5DC-443D-BD23-14C76586ED62}.Debug|Any CPU.ActiveCfg = Debug|Any CPU
		{BFCCC4A0-F5DC-443D-BD23-14C76586ED62}.Debug|Any CPU.Build.0 = Debug|Any CPU
		{BFCCC4A0-F5DC-443D-BD23-14C76586ED62}.Release|Any CPU.ActiveCfg = Release|Any CPU
		{BFCCC4A0-F5DC-443D-BD23-14C76586ED62}.Release|Any CPU.Build.0 = Release|Any CPU
		{03BCC0CB-147A-4594-8DCA-EE922FF6172A}.Debug|Any CPU.ActiveCfg = Debug|Any CPU
		{03BCC0CB-147A-4594-8DCA-EE922FF6172A}.Debug|Any CPU.Build.0 = Debug|Any CPU
		{03BCC0CB-147A-4594-8DCA-EE922FF6172A}.Release|Any CPU.ActiveCfg = Release|Any CPU
		{03BCC0CB-147A-4594-8DCA-EE922FF6172A}.Release|Any CPU.Build.0 = Release|Any CPU
	EndGlobalSection
	GlobalSection(SolutionProperties) = preSolution
		HideSolutionNode = FALSE
	EndGlobalSection
	GlobalSection(NestedProjects) = preSolution
		{7ECC1BD2-E42E-4F17-B24D-7B777D5473EA} = {4C0C1E65-0589-4CD2-B62C-913B59388978}
		{70A34373-FA34-47FB-9176-6740A3056C49} = {E9DAAAEF-2B52-4AB6-9CF5-2CD2C92006F1}
		{4C0C1E65-0589-4CD2-B62C-913B59388978} = {D133E5AD-807D-4DCE-8D91-43AFF886ECA1}
		{E9DAAAEF-2B52-4AB6-9CF5-2CD2C92006F1} = {D133E5AD-807D-4DCE-8D91-43AFF886ECA1}
		{E290F81F-D2AB-4A2A-B2A5-DE52B850DC97} = {4C0C1E65-0589-4CD2-B62C-913B59388978}
	EndGlobalSection
	GlobalSection(ExtensibilityGlobals) = postSolution
		SolutionGuid = {2C13A543-40EC-45BE-A66A-2135669D4278}
	EndGlobalSection
EndGlobal
